
Microsoft Visual Studio Solution File, Format Version 12.00
# Visual Studio 15
VisualStudioVersion = 15.0.27004.2005
MinimumVisualStudioVersion = 10.0.40219.1
Project("{FAE04EC0-301F-11D3-BF4B-00C04F79EFBC}") = "SpriteSheetPacker.Core", "SpriteSheetPacker.Core\SpriteSheetPacker.Core.csproj", "{6C518DA9-5929-445A-ACB9-06770A215F7E}"
EndProject
Project("{FAE04EC0-301F-11D3-BF4B-00C04F79EFBC}") = "SpriteSheetPacker.Cmdline", "SpriteSheetPacker.Cmdline\SpriteSheetPacker.Cmdline.csproj", "{49277020-0A77-4BEE-ACAD-DB695ADE920F}"
EndProject
Global
	GlobalSection(SolutionConfigurationPlatforms) = preSolution
		Debug|Any CPU = Debug|Any CPU
		Release|Any CPU = Release|Any CPU
	EndGlobalSection
	GlobalSection(ProjectConfigurationPlatforms) = postSolution
		{6C518DA9-5929-445A-ACB9-06770A215F7E}.Debug|Any CPU.ActiveCfg = Debug|Any CPU
		{6C518DA9-5929-445A-ACB9-06770A215F7E}.Debug|Any CPU.Build.0 = Debug|Any CPU
		{6C518DA9-5929-445A-ACB9-06770A215F7E}.Release|Any CPU.ActiveCfg = Release|Any CPU
		{6C518DA9-5929-445A-ACB9-06770A215F7E}.Release|Any CPU.Build.0 = Release|Any CPU
		{49277020-0A77-4BEE-ACAD-DB695ADE920F}.Debug|Any CPU.ActiveCfg = Debug|Any CPU
		{49277020-0A77-4BEE-ACAD-DB695ADE920F}.Debug|Any CPU.Build.0 = Debug|Any CPU
		{49277020-0A77-4BEE-ACAD-DB695ADE920F}.Release|Any CPU.ActiveCfg = Release|Any CPU
		{49277020-0A77-4BEE-ACAD-DB695ADE920F}.Release|Any CPU.Build.0 = Release|Any CPU
	EndGlobalSection
	GlobalSection(SolutionProperties) = preSolution
		HideSolutionNode = FALSE
	EndGlobalSection
	GlobalSection(ExtensibilityGlobals) = postSolution
		SolutionGuid = {445042C4-7572-4AB3-8BEA-EC75EFBD04A9}
	EndGlobalSection
EndGlobal
